
Microsoft Visual Studio Solution File, Format Version 12.00
# Visual Studio 2017
Project("{FAE04EC0-301F-11D3-BF4B-00C04F79EFBC}") = "FPSProject", "FPSProject.csproj", "{266672F2-DAE2-E970-FA9C-F4359867EF4F}"
EndProject
Project("{FAE04EC0-301F-11D3-BF4B-00C04F79EFBC}") = "FPSProject.Editor", "FPSProject.Editor.csproj", "{58F0970B-1C9F-E099-DB58-699A5AB80974}"
EndProject
Global
	GlobalSection(SolutionConfigurationPlatforms) = preSolution
		Debug|Any CPU = Debug|Any CPU
		Release|Any CPU = Release|Any CPU
	EndGlobalSection
	GlobalSection(ProjectConfigurationPlatforms) = postSolution
		{266672F2-DAE2-E970-FA9C-F4359867EF4F}.Debug|Any CPU.ActiveCfg = Debug|Any CPU
		{266672F2-DAE2-E970-FA9C-F4359867EF4F}.Debug|Any CPU.Build.0 = Debug|Any CPU
		{266672F2-DAE2-E970-FA9C-F4359867EF4F}.Release|Any CPU.ActiveCfg = Release|Any CPU
		{266672F2-DAE2-E970-FA9C-F4359867EF4F}.Release|Any CPU.Build.0 = Release|Any CPU
		{58F0970B-1C9F-E099-DB58-699A5AB80974}.Debug|Any CPU.ActiveCfg = Debug|Any CPU
		{58F0970B-1C9F-E099-DB58-699A5AB80974}.Debug|Any CPU.Build.0 = Debug|Any CPU
		{58F0970B-1C9F-E099-DB58-699A5AB80974}.Release|Any CPU.ActiveCfg = Release|Any CPU
		{58F0970B-1C9F-E099-DB58-699A5AB80974}.Release|Any CPU.Build.0 = Release|Any CPU
	EndGlobalSection
	GlobalSection(SolutionProperties) = preSolution
		HideSolutionNode = FALSE
	EndGlobalSection
EndGlobal
